{
  "name": "ai-reading",
  "version": "2.0.0",
  "lockfileVersion": 3,
  "requires": true,
  "packages": {
    "": {
      "name": "ai-reading",
      "version": "2.0.0",
      "hasInstallScript": true,
      "devDependencies": {
        "pagefind": "^1.4.0"
      }
    },
    "node_modules/@pagefind/darwin-arm64": {
      "version": "1.4.0",
      "resolved": "https://registry.npmjs.org/@pagefind/darwin-arm64/download/@pagefind/darwin-arm64-1.4.0.tgz",
      "integrity": "sha1-AxUDDmqJvsMSEnOxhR96rfCxJCU=",
      "cpu": [
        "arm64"
      ],
      "dev": true,
      "license": "MIT",
      "optional": true,
      "os": [
        "darwin"
      ]
    },
    "node_modules/@pagefind/darwin-x64": {
      "version": "1.4.0",
      "resolved": "https://registry.npmjs.org/@pagefind/darwin-x64/download/@pagefind/darwin-x64-1.4.0.tgz",
      "integrity": "sha1-Zx4f4PBzM1Cj6yRKziZ1FmGGeT4=",
      "cpu": [
        "x64"
      ],
      "dev": true,
      "license": "MIT",
      "optional": true,
      "os": [
        "darwin"
      ]
    },
    "node_modules/@pagefind/freebsd-x64": {
      "version": "1.4.0",
      "resolved": "https://registry.npmjs.org/@pagefind/freebsd-x64/download/@pagefind/freebsd-x64-1.4.0.tgz",
      "integrity": "sha1-NBlwHOgQ5+wFC79HhrHDvueOxRs=",
      "cpu": [
        "x64"
      ],
      "dev": true,
      "license": "MIT",
      "optional": true,
      "os": [
        "freebsd"
      ]
    },
    "node_modules/@pagefind/linux-arm64": {
      "version": "1.4.0",
      "resolved": "https://registry.npmjs.org/@pagefind/linux-arm64/download/@pagefind/linux-arm64-1.4.0.tgz",
      "integrity": "sha1-uipcjRDVJz/mGo0jC1RrCNIstnY=",
      "cpu": [
        "arm64"
      ],
      "dev": true,
      "license": "MIT",
      "optional": true,
      "os": [
        "linux"
      ]
    },
    "node_modules/@pagefind/linux-x64": {
      "version": "1.4.0",
      "resolved": "https://registry.npmjs.org/@pagefind/linux-x64/download/@pagefind/linux-x64-1.4.0.tgz",
      "integrity": "sha1-Hla7PJH9ASi+hOmIl8l4XEifu7c=",
      "cpu": [
        "x64"
      ],
      "dev": true,
      "license": "MIT",
      "optional": true,
      "os": [
        "linux"
      ]
    },
    "node_modules/@pagefind/windows-x64": {
      "version": "1.4.0",
      "resolved": "https://registry.npmjs.org/@pagefind/windows-x64/download/@pagefind/windows-x64-1.4.0.tgz",
      "integrity": "sha1-umj9YJYhEy6OMUqJ4tLVJRb2FyM=",
      "cpu": [
        "x64"
      ],
      "dev": true,
      "license": "MIT",
      "optional": true,
      "os": [
        "win32"
      ]
    },
    "node_modules/pagefind": {
      "version": "1.4.0",
      "resolved": "https://registry.npmjs.org/pagefind/download/pagefind-1.4.0.tgz",
      "integrity": "sha1-AVSwpEte+e9VwVaCSjJEv8DEAI0=",
      "dev": true,
      "license": "MIT",
      "bin": {
        "pagefind": "lib/runner/bin.cjs"
      },
      "optionalDependencies": {
        "@pagefind/darwin-arm64": "1.4.0",
        "@pagefind/darwin-x64": "1.4.0",
        "@pagefind/freebsd-x64": "1.4.0",
        "@pagefind/linux-arm64": "1.4.0",
        "@pagefind/linux-x64": "1.4.0",
        "@pagefind/windows-x64": "1.4.0"
      }
    }
  }
}
